
Microsoft Visual Studio Solution File, Format Version 12.00
# Visual Studio Version 17
VisualStudioVersion = 17.13.35806.99
MinimumVisualStudioVersion = 10.0.40219.1
Project("{FAE04EC0-301F-11D3-BF4B-00C04F79EFBC}") = "SISTEMA_RRHH.DATOS", "SISTEMA_RRHH.DATOS\SISTEMA_RRHH.DATOS.csproj", "{F95C2E31-3D0A-4216-BC3F-B519A3F7CCE8}"
EndProject
Project("{FAE04EC0-301F-11D3-BF4B-00C04F79EFBC}") = "SISTEMA_RRHH.ENTIDADES", "SISTEMA_RRHH.ENTIDADES\SISTEMA_RRHH.ENTIDADES.csproj", "{6AADB396-293B-4A54-A829-DC1ED0FADD90}"
EndProject
Project("{FAE04EC0-301F-11D3-BF4B-00C04F79EFBC}") = "SISTEMA_RRHH.NEGOCIO", "SISTEMA_RRHH.NEGOCIO\SISTEMA_RRHH.NEGOCIO.csproj", "{35E43B05-9502-4D4A-829A-3F1115EA549D}"
EndProject
Project("{FAE04EC0-301F-11D3-BF4B-00C04F79EFBC}") = "SISTEMA_RRHH.UI", "SISTEMA_RRHH.UI\SISTEMA_RRHH.UI.csproj", "{BF6D918D-0E37-4122-9B34-92EE8F28E6BF}"
EndProject
Project("{FAE04EC0-301F-11D3-BF4B-00C04F79EFBC}") = "SISTEMA_RRHH.DATOSSQL", "SISTEMA_RRHH.DATOSSQL\SISTEMA_RRHH.DATOSSQL.csproj", "{824EDDC2-ED8E-4939-AC1B-E8E3BA40AACB}"
EndProject
Global
	GlobalSection(SolutionConfigurationPlatforms) = preSolution
		Debug|Any CPU = Debug|Any CPU
		Release|Any CPU = Release|Any CPU
	EndGlobalSection
	GlobalSection(ProjectConfigurationPlatforms) = postSolution
		{F95C2E31-3D0A-4216-BC3F-B519A3F7CCE8}.Debug|Any CPU.ActiveCfg = Debug|Any CPU
		{F95C2E31-3D0A-4216-BC3F-B519A3F7CCE8}.Debug|Any CPU.Build.0 = Debug|Any CPU
		{F95C2E31-3D0A-4216-BC3F-B519A3F7CCE8}.Release|Any CPU.ActiveCfg = Release|Any CPU
		{F95C2E31-3D0A-4216-BC3F-B519A3F7CCE8}.Release|Any CPU.Build.0 = Release|Any CPU
		{6AADB396-293B-4A54-A829-DC1ED0FADD90}.Debug|Any CPU.ActiveCfg = Debug|Any CPU
		{6AADB396-293B-4A54-A829-DC1ED0FADD90}.Debug|Any CPU.Build.0 = Debug|Any CPU
		{6AADB396-293B-4A54-A829-DC1ED0FADD90}.Release|Any CPU.ActiveCfg = Release|Any CPU
		{6AADB396-293B-4A54-A829-DC1ED0FADD90}.Release|Any CPU.Build.0 = Release|Any CPU
		{35E43B05-9502-4D4A-829A-3F1115EA549D}.Debug|Any CPU.ActiveCfg = Debug|Any CPU
		{35E43B05-9502-4D4A-829A-3F1115EA549D}.Debug|Any CPU.Build.0 = Debug|Any CPU
		{35E43B05-9502-4D4A-829A-3F1115EA549D}.Release|Any CPU.ActiveCfg = Release|Any CPU
		{35E43B05-9502-4D4A-829A-3F1115EA549D}.Release|Any CPU.Build.0 = Release|Any CPU
		{BF6D918D-0E37-4122-9B34-92EE8F28E6BF}.Debug|Any CPU.ActiveCfg = Debug|Any CPU
		{BF6D918D-0E37-4122-9B34-92EE8F28E6BF}.Debug|Any CPU.Build.0 = Debug|Any CPU
		{BF6D918D-0E37-4122-9B34-92EE8F28E6BF}.Release|Any CPU.ActiveCfg = Release|Any CPU
		{BF6D918D-0E37-4122-9B34-92EE8F28E6BF}.Release|Any CPU.Build.0 = Release|Any CPU
		{824EDDC2-ED8E-4939-AC1B-E8E3BA40AACB}.Debug|Any CPU.ActiveCfg = Debug|Any CPU
		{824EDDC2-ED8E-4939-AC1B-E8E3BA40AACB}.Debug|Any CPU.Build.0 = Debug|Any CPU
		{824EDDC2-ED8E-4939-AC1B-E8E3BA40AACB}.Release|Any CPU.ActiveCfg = Release|Any CPU
		{824EDDC2-ED8E-4939-AC1B-E8E3BA40AACB}.Release|Any CPU.Build.0 = Release|Any CPU
	EndGlobalSection
	GlobalSection(SolutionProperties) = preSolution
		HideSolutionNode = FALSE
	EndGlobalSection
	GlobalSection(ExtensibilityGlobals) = postSolution
		SolutionGuid = {9C544348-F5A8-4418-AE8C-449D27F6BC80}
	EndGlobalSection
EndGlobal
